
Microsoft Visual Studio Solution File, Format Version 12.00
# Visual Studio Version 17
VisualStudioVersion = 17.6.33829.357
MinimumVisualStudioVersion = 10.0.40219.1
Project("{9A19103F-16F7-4668-BE54-9A1E7A4F7556}") = "Determinet", "Determinet\Determinet.csproj", "{9C372F88-F651-49D3-A932-1DB176C9A332}"
EndProject
Project("{9A19103F-16F7-4668-BE54-9A1E7A4F7556}") = "Simulator", "Simulator\Simulator.csproj", "{C82EE6A1-7538-48E7-8959-8A536945A4B2}"
EndProject
Project("{FAE04EC0-301F-11D3-BF4B-00C04F79EFBC}") = "TestHarness", "TestHarness\TestHarness.csproj", "{880DE4EE-454B-4137-BC43-9851B41B26F2}"
EndProject
Global
	GlobalSection(SolutionConfigurationPlatforms) = preSolution
		Debug|Any CPU = Debug|Any CPU
		Release|Any CPU = Release|Any CPU
	EndGlobalSection
	GlobalSection(ProjectConfigurationPlatforms) = postSolution
		{9C372F88-F651-49D3-A932-1DB176C9A332}.Debug|Any CPU.ActiveCfg = Debug|Any CPU
		{9C372F88-F651-49D3-A932-1DB176C9A332}.Debug|Any CPU.Build.0 = Debug|Any CPU
		{9C372F88-F651-49D3-A932-1DB176C9A332}.Release|Any CPU.ActiveCfg = Release|Any CPU
		{9C372F88-F651-49D3-A932-1DB176C9A332}.Release|Any CPU.Build.0 = Release|Any CPU
		{C82EE6A1-7538-48E7-8959-8A536945A4B2}.Debug|Any CPU.ActiveCfg = Debug|Any CPU
		{C82EE6A1-7538-48E7-8959-8A536945A4B2}.Debug|Any CPU.Build.0 = Debug|Any CPU
		{C82EE6A1-7538-48E7-8959-8A536945A4B2}.Release|Any CPU.ActiveCfg = Release|Any CPU
		{C82EE6A1-7538-48E7-8959-8A536945A4B2}.Release|Any CPU.Build.0 = Release|Any CPU
		{880DE4EE-454B-4137-BC43-9851B41B26F2}.Debug|Any CPU.ActiveCfg = Debug|Any CPU
		{880DE4EE-454B-4137-BC43-9851B41B26F2}.Debug|Any CPU.Build.0 = Debug|Any CPU
		{880DE4EE-454B-4137-BC43-9851B41B26F2}.Release|Any CPU.ActiveCfg = Release|Any CPU
		{880DE4EE-454B-4137-BC43-9851B41B26F2}.Release|Any CPU.Build.0 = Release|Any CPU
	EndGlobalSection
	GlobalSection(SolutionProperties) = preSolution
		HideSolutionNode = FALSE
	EndGlobalSection
	GlobalSection(ExtensibilityGlobals) = postSolution
		SolutionGuid = {A628B7D2-27D8-4F8C-BBDC-0A17B9B320DC}
	EndGlobalSection
EndGlobal
