
Microsoft Visual Studio Solution File, Format Version 12.00
# Visual Studio Version 16
VisualStudioVersion = 16.0.31025.194
MinimumVisualStudioVersion = 10.0.40219.1
Project("{9A19103F-16F7-4668-BE54-9A1E7A4F7556}") = "Algorithms", "NeuralNetwork\Algorithms.csproj", "{D99F79C5-74C4-4EBF-9D54-DA4FA07845EF}"
EndProject
Project("{9A19103F-16F7-4668-BE54-9A1E7A4F7556}") = "Simulator", "Simulator\Simulator.csproj", "{56810B24-6CF3-49D5-8DD2-7057EA9F47B9}"
EndProject
Project("{9A19103F-16F7-4668-BE54-9A1E7A4F7556}") = "TestHarness", "TestHarness\TestHarness.csproj", "{C8CA4742-250D-43DA-8E35-AD511348822F}"
EndProject
Global
	GlobalSection(SolutionConfigurationPlatforms) = preSolution
		Debug|Any CPU = Debug|Any CPU
		Release|Any CPU = Release|Any CPU
	EndGlobalSection
	GlobalSection(ProjectConfigurationPlatforms) = postSolution
		{D99F79C5-74C4-4EBF-9D54-DA4FA07845EF}.Debug|Any CPU.ActiveCfg = Debug|Any CPU
		{D99F79C5-74C4-4EBF-9D54-DA4FA07845EF}.Debug|Any CPU.Build.0 = Debug|Any CPU
		{D99F79C5-74C4-4EBF-9D54-DA4FA07845EF}.Release|Any CPU.ActiveCfg = Release|Any CPU
		{D99F79C5-74C4-4EBF-9D54-DA4FA07845EF}.Release|Any CPU.Build.0 = Release|Any CPU
		{56810B24-6CF3-49D5-8DD2-7057EA9F47B9}.Debug|Any CPU.ActiveCfg = Debug|Any CPU
		{56810B24-6CF3-49D5-8DD2-7057EA9F47B9}.Debug|Any CPU.Build.0 = Debug|Any CPU
		{56810B24-6CF3-49D5-8DD2-7057EA9F47B9}.Release|Any CPU.ActiveCfg = Release|Any CPU
		{56810B24-6CF3-49D5-8DD2-7057EA9F47B9}.Release|Any CPU.Build.0 = Release|Any CPU
		{C8CA4742-250D-43DA-8E35-AD511348822F}.Debug|Any CPU.ActiveCfg = Debug|Any CPU
		{C8CA4742-250D-43DA-8E35-AD511348822F}.Debug|Any CPU.Build.0 = Debug|Any CPU
		{C8CA4742-250D-43DA-8E35-AD511348822F}.Release|Any CPU.ActiveCfg = Release|Any CPU
		{C8CA4742-250D-43DA-8E35-AD511348822F}.Release|Any CPU.Build.0 = Release|Any CPU
	EndGlobalSection
	GlobalSection(SolutionProperties) = preSolution
		HideSolutionNode = FALSE
	EndGlobalSection
	GlobalSection(ExtensibilityGlobals) = postSolution
		SolutionGuid = {4BBF3E70-F6A3-4C32-B3C3-DABE95E92E54}
	EndGlobalSection
EndGlobal
